
Microsoft Visual Studio Solution File, Format Version 12.00
# Visual Studio 2013
VisualStudioVersion = 12.0.31101.0
MinimumVisualStudioVersion = 10.0.40219.1
Project("{2150E333-8FDC-42A3-9474-1A3956D46DE8}") = "Intro-Programming-Homework", "Intro-Programming-Homework", "{9F63607A-9608-48BA-B918-7175AF3EC2E1}"
EndProject
Project("{FAE04EC0-301F-11D3-BF4B-00C04F79EFBC}") = "HelloCSharp", "HelloCSharp\HelloCSharp.csproj", "{CD340693-8BF0-41FC-B1E6-4F37C0D5DE84}"
EndProject
Project("{FAE04EC0-301F-11D3-BF4B-00C04F79EFBC}") = "PrintMyName", "PrintMyName\PrintMyName.csproj", "{925F4A1F-3131-45FB-B226-06C8357E7F90}"
EndProject
Project("{FAE04EC0-301F-11D3-BF4B-00C04F79EFBC}") = "PrintNumbers", "PrintNumbers\PrintNumbers.csproj", "{E326706F-9C97-49C1-8A36-941543BE77AA}"
EndProject
Project("{FAE04EC0-301F-11D3-BF4B-00C04F79EFBC}") = "Printfirst_last_name", "Printfirst_last_name\Printfirst_last_name.csproj", "{4DCFBB0A-F6A4-49E5-8607-05BBFCA5162D}"
EndProject
Project("{FAE04EC0-301F-11D3-BF4B-00C04F79EFBC}") = "SquareRoot", "SquareRoot\SquareRoot.csproj", "{50BBA7B1-28B8-46EA-ACE5-B01A5D2B77B6}"
EndProject
Project("{FAE04EC0-301F-11D3-BF4B-00C04F79EFBC}") = "Print_a_sequence", "Print_a_sequence\Print_a_sequence.csproj", "{14F7BC4B-52EA-4CC3-B890-F9B50F9B8E5E}"
EndProject
Project("{FAE04EC0-301F-11D3-BF4B-00C04F79EFBC}") = "Age_after_10", "Age_after_10\Age_after_10.csproj", "{0083C6E1-D045-432F-A6C6-239CBF8B0832}"
EndProject
Project("{FAE04EC0-301F-11D3-BF4B-00C04F79EFBC}") = "HorribleCode", "HorribleCode\HorribleCode.csproj", "{861E7C1A-CB14-484F-9B1D-3C92F7FB08E5}"
EndProject
Global
	GlobalSection(SolutionConfigurationPlatforms) = preSolution
		Debug|Any CPU = Debug|Any CPU
		Release|Any CPU = Release|Any CPU
	EndGlobalSection
	GlobalSection(ProjectConfigurationPlatforms) = postSolution
		{CD340693-8BF0-41FC-B1E6-4F37C0D5DE84}.Debug|Any CPU.ActiveCfg = Debug|Any CPU
		{CD340693-8BF0-41FC-B1E6-4F37C0D5DE84}.Debug|Any CPU.Build.0 = Debug|Any CPU
		{CD340693-8BF0-41FC-B1E6-4F37C0D5DE84}.Release|Any CPU.ActiveCfg = Release|Any CPU
		{CD340693-8BF0-41FC-B1E6-4F37C0D5DE84}.Release|Any CPU.Build.0 = Release|Any CPU
		{925F4A1F-3131-45FB-B226-06C8357E7F90}.Debug|Any CPU.ActiveCfg = Debug|Any CPU
		{925F4A1F-3131-45FB-B226-06C8357E7F90}.Debug|Any CPU.Build.0 = Debug|Any CPU
		{925F4A1F-3131-45FB-B226-06C8357E7F90}.Release|Any CPU.ActiveCfg = Release|Any CPU
		{925F4A1F-3131-45FB-B226-06C8357E7F90}.Release|Any CPU.Build.0 = Release|Any CPU
		{E326706F-9C97-49C1-8A36-941543BE77AA}.Debug|Any CPU.ActiveCfg = Debug|Any CPU
		{E326706F-9C97-49C1-8A36-941543BE77AA}.Debug|Any CPU.Build.0 = Debug|Any CPU
		{E326706F-9C97-49C1-8A36-941543BE77AA}.Release|Any CPU.ActiveCfg = Release|Any CPU
		{E326706F-9C97-49C1-8A36-941543BE77AA}.Release|Any CPU.Build.0 = Release|Any CPU
		{4DCFBB0A-F6A4-49E5-8607-05BBFCA5162D}.Debug|Any CPU.ActiveCfg = Debug|Any CPU
		{4DCFBB0A-F6A4-49E5-8607-05BBFCA5162D}.Debug|Any CPU.Build.0 = Debug|Any CPU
		{4DCFBB0A-F6A4-49E5-8607-05BBFCA5162D}.Release|Any CPU.ActiveCfg = Release|Any CPU
		{4DCFBB0A-F6A4-49E5-8607-05BBFCA5162D}.Release|Any CPU.Build.0 = Release|Any CPU
		{50BBA7B1-28B8-46EA-ACE5-B01A5D2B77B6}.Debug|Any CPU.ActiveCfg = Debug|Any CPU
		{50BBA7B1-28B8-46EA-ACE5-B01A5D2B77B6}.Debug|Any CPU.Build.0 = Debug|Any CPU
		{50BBA7B1-28B8-46EA-ACE5-B01A5D2B77B6}.Release|Any CPU.ActiveCfg = Release|Any CPU
		{50BBA7B1-28B8-46EA-ACE5-B01A5D2B77B6}.Release|Any CPU.Build.0 = Release|Any CPU
		{14F7BC4B-52EA-4CC3-B890-F9B50F9B8E5E}.Debug|Any CPU.ActiveCfg = Debug|Any CPU
		{14F7BC4B-52EA-4CC3-B890-F9B50F9B8E5E}.Debug|Any CPU.Build.0 = Debug|Any CPU
		{14F7BC4B-52EA-4CC3-B890-F9B50F9B8E5E}.Release|Any CPU.ActiveCfg = Release|Any CPU
		{14F7BC4B-52EA-4CC3-B890-F9B50F9B8E5E}.Release|Any CPU.Build.0 = Release|Any CPU
		{0083C6E1-D045-432F-A6C6-239CBF8B0832}.Debug|Any CPU.ActiveCfg = Debug|Any CPU
		{0083C6E1-D045-432F-A6C6-239CBF8B0832}.Debug|Any CPU.Build.0 = Debug|Any CPU
		{0083C6E1-D045-432F-A6C6-239CBF8B0832}.Release|Any CPU.ActiveCfg = Release|Any CPU
		{0083C6E1-D045-432F-A6C6-239CBF8B0832}.Release|Any CPU.Build.0 = Release|Any CPU
		{861E7C1A-CB14-484F-9B1D-3C92F7FB08E5}.Debug|Any CPU.ActiveCfg = Debug|Any CPU
		{861E7C1A-CB14-484F-9B1D-3C92F7FB08E5}.Debug|Any CPU.Build.0 = Debug|Any CPU
		{861E7C1A-CB14-484F-9B1D-3C92F7FB08E5}.Release|Any CPU.ActiveCfg = Release|Any CPU
		{861E7C1A-CB14-484F-9B1D-3C92F7FB08E5}.Release|Any CPU.Build.0 = Release|Any CPU
	EndGlobalSection
	GlobalSection(SolutionProperties) = preSolution
		HideSolutionNode = FALSE
	EndGlobalSection
	GlobalSection(NestedProjects) = preSolution
		{CD340693-8BF0-41FC-B1E6-4F37C0D5DE84} = {9F63607A-9608-48BA-B918-7175AF3EC2E1}
		{925F4A1F-3131-45FB-B226-06C8357E7F90} = {9F63607A-9608-48BA-B918-7175AF3EC2E1}
		{E326706F-9C97-49C1-8A36-941543BE77AA} = {9F63607A-9608-48BA-B918-7175AF3EC2E1}
		{4DCFBB0A-F6A4-49E5-8607-05BBFCA5162D} = {9F63607A-9608-48BA-B918-7175AF3EC2E1}
		{50BBA7B1-28B8-46EA-ACE5-B01A5D2B77B6} = {9F63607A-9608-48BA-B918-7175AF3EC2E1}
		{14F7BC4B-52EA-4CC3-B890-F9B50F9B8E5E} = {9F63607A-9608-48BA-B918-7175AF3EC2E1}
		{0083C6E1-D045-432F-A6C6-239CBF8B0832} = {9F63607A-9608-48BA-B918-7175AF3EC2E1}
		{861E7C1A-CB14-484F-9B1D-3C92F7FB08E5} = {9F63607A-9608-48BA-B918-7175AF3EC2E1}
	EndGlobalSection
EndGlobal
